
Microsoft Visual Studio Solution File, Format Version 12.00
# Visual Studio Version 17
VisualStudioVersion = 17.5.002.0
MinimumVisualStudioVersion = 10.0.40219.1
Project("{9A19103F-16F7-4668-BE54-9A1E7A4F7556}") = "BMS", "BMS.csproj", "{21F7C68C-FF21-496F-AC4F-D680AEDE0A68}"
EndProject
Global
	GlobalSection(SolutionConfigurationPlatforms) = preSolution
		Debug|Any CPU = Debug|Any CPU
		Release|Any CPU = Release|Any CPU
	EndGlobalSection
	GlobalSection(ProjectConfigurationPlatforms) = postSolution
		{21F7C68C-FF21-496F-AC4F-D680AEDE0A68}.Debug|Any CPU.ActiveCfg = Debug|Any CPU
		{21F7C68C-FF21-496F-AC4F-D680AEDE0A68}.Debug|Any CPU.Build.0 = Debug|Any CPU
		{21F7C68C-FF21-496F-AC4F-D680AEDE0A68}.Release|Any CPU.ActiveCfg = Release|Any CPU
		{21F7C68C-FF21-496F-AC4F-D680AEDE0A68}.Release|Any CPU.Build.0 = Release|Any CPU
	EndGlobalSection
	GlobalSection(SolutionProperties) = preSolution
		HideSolutionNode = FALSE
	EndGlobalSection
	GlobalSection(ExtensibilityGlobals) = postSolution
		SolutionGuid = {9E40205E-E7FB-4942-B99B-948E9B73827F}
	EndGlobalSection
EndGlobal
